
Microsoft Visual Studio Solution File, Format Version 12.00
# Visual Studio 2013
VisualStudioVersion = 12.0.30110.0
MinimumVisualStudioVersion = 10.0.40219.1
Project("{FAE04EC0-301F-11D3-BF4B-00C04F79EFBC}") = "PowerCalc", "PowerCalc\PowerCalc.csproj", "{8227565C-A20E-44C0-9D34-187F2E645593}"
EndProject
Project("{FAE04EC0-301F-11D3-BF4B-00C04F79EFBC}") = "PowerCalc.KeyGenerator", "PowerCalc.KeyGenerator\PowerCalc.KeyGenerator.csproj", "{C214B159-B7B1-4A59-8B88-89B40FCFBF2E}"
EndProject
Project("{2150E333-8FDC-42A3-9474-1A3956D46DE8}") = "Tests", "Tests", "{6C57B8C6-0DB1-4253-86BE-470084E602C7}"
EndProject
Project("{930C7802-8A8C-48F9-8165-68863BCCD9DD}") = "PowerCalcSetupBootstrapper", "PowerCalcSetupBootstrapper\PowerCalcSetupBootstrapper.wixproj", "{AD2384CF-EBD5-464B-8694-42FADF882D07}"
EndProject
Project("{930C7802-8A8C-48F9-8165-68863BCCD9DD}") = "PowerCalcSetup", "PowerCalcSetup\PowerCalcSetup.wixproj", "{D8AA910C-CEB9-4201-95EF-7C0D131FC5BA}"
EndProject
Global
	GlobalSection(SolutionConfigurationPlatforms) = preSolution
		Debug|Any CPU = Debug|Any CPU
		Debug|Mixed Platforms = Debug|Mixed Platforms
		Debug|x86 = Debug|x86
		Release|Any CPU = Release|Any CPU
		Release|Mixed Platforms = Release|Mixed Platforms
		Release|x86 = Release|x86
	EndGlobalSection
	GlobalSection(ProjectConfigurationPlatforms) = postSolution
		{8227565C-A20E-44C0-9D34-187F2E645593}.Debug|Any CPU.ActiveCfg = Debug|Any CPU
		{8227565C-A20E-44C0-9D34-187F2E645593}.Debug|Any CPU.Build.0 = Debug|Any CPU
		{8227565C-A20E-44C0-9D34-187F2E645593}.Debug|Mixed Platforms.ActiveCfg = Debug|Any CPU
		{8227565C-A20E-44C0-9D34-187F2E645593}.Debug|Mixed Platforms.Build.0 = Debug|Any CPU
		{8227565C-A20E-44C0-9D34-187F2E645593}.Debug|x86.ActiveCfg = Debug|Any CPU
		{8227565C-A20E-44C0-9D34-187F2E645593}.Release|Any CPU.ActiveCfg = Release|Any CPU
		{8227565C-A20E-44C0-9D34-187F2E645593}.Release|Any CPU.Build.0 = Release|Any CPU
		{8227565C-A20E-44C0-9D34-187F2E645593}.Release|Mixed Platforms.ActiveCfg = Release|Any CPU
		{8227565C-A20E-44C0-9D34-187F2E645593}.Release|Mixed Platforms.Build.0 = Release|Any CPU
		{8227565C-A20E-44C0-9D34-187F2E645593}.Release|x86.ActiveCfg = Release|Any CPU
		{C214B159-B7B1-4A59-8B88-89B40FCFBF2E}.Debug|Any CPU.ActiveCfg = Debug|Any CPU
		{C214B159-B7B1-4A59-8B88-89B40FCFBF2E}.Debug|Any CPU.Build.0 = Debug|Any CPU
		{C214B159-B7B1-4A59-8B88-89B40FCFBF2E}.Debug|Mixed Platforms.ActiveCfg = Debug|Any CPU
		{C214B159-B7B1-4A59-8B88-89B40FCFBF2E}.Debug|Mixed Platforms.Build.0 = Debug|Any CPU
		{C214B159-B7B1-4A59-8B88-89B40FCFBF2E}.Debug|x86.ActiveCfg = Debug|Any CPU
		{C214B159-B7B1-4A59-8B88-89B40FCFBF2E}.Release|Any CPU.ActiveCfg = Release|Any CPU
		{C214B159-B7B1-4A59-8B88-89B40FCFBF2E}.Release|Any CPU.Build.0 = Release|Any CPU
		{C214B159-B7B1-4A59-8B88-89B40FCFBF2E}.Release|Mixed Platforms.ActiveCfg = Release|Any CPU
		{C214B159-B7B1-4A59-8B88-89B40FCFBF2E}.Release|Mixed Platforms.Build.0 = Release|Any CPU
		{C214B159-B7B1-4A59-8B88-89B40FCFBF2E}.Release|x86.ActiveCfg = Release|Any CPU
		{AD2384CF-EBD5-464B-8694-42FADF882D07}.Debug|Any CPU.ActiveCfg = Debug|x86
		{AD2384CF-EBD5-464B-8694-42FADF882D07}.Debug|Mixed Platforms.ActiveCfg = Debug|x86
		{AD2384CF-EBD5-464B-8694-42FADF882D07}.Debug|Mixed Platforms.Build.0 = Debug|x86
		{AD2384CF-EBD5-464B-8694-42FADF882D07}.Debug|x86.ActiveCfg = Debug|x86
		{AD2384CF-EBD5-464B-8694-42FADF882D07}.Debug|x86.Build.0 = Debug|x86
		{AD2384CF-EBD5-464B-8694-42FADF882D07}.Release|Any CPU.ActiveCfg = Release|x86
		{AD2384CF-EBD5-464B-8694-42FADF882D07}.Release|Mixed Platforms.ActiveCfg = Release|x86
		{AD2384CF-EBD5-464B-8694-42FADF882D07}.Release|Mixed Platforms.Build.0 = Release|x86
		{AD2384CF-EBD5-464B-8694-42FADF882D07}.Release|x86.ActiveCfg = Release|x86
		{AD2384CF-EBD5-464B-8694-42FADF882D07}.Release|x86.Build.0 = Release|x86
		{D8AA910C-CEB9-4201-95EF-7C0D131FC5BA}.Debug|Any CPU.ActiveCfg = Debug|x86
		{D8AA910C-CEB9-4201-95EF-7C0D131FC5BA}.Debug|Mixed Platforms.ActiveCfg = Debug|x86
		{D8AA910C-CEB9-4201-95EF-7C0D131FC5BA}.Debug|Mixed Platforms.Build.0 = Debug|x86
		{D8AA910C-CEB9-4201-95EF-7C0D131FC5BA}.Debug|x86.ActiveCfg = Debug|x86
		{D8AA910C-CEB9-4201-95EF-7C0D131FC5BA}.Debug|x86.Build.0 = Debug|x86
		{D8AA910C-CEB9-4201-95EF-7C0D131FC5BA}.Release|Any CPU.ActiveCfg = Release|x86
		{D8AA910C-CEB9-4201-95EF-7C0D131FC5BA}.Release|Mixed Platforms.ActiveCfg = Release|x86
		{D8AA910C-CEB9-4201-95EF-7C0D131FC5BA}.Release|Mixed Platforms.Build.0 = Release|x86
		{D8AA910C-CEB9-4201-95EF-7C0D131FC5BA}.Release|x86.ActiveCfg = Release|x86
		{D8AA910C-CEB9-4201-95EF-7C0D131FC5BA}.Release|x86.Build.0 = Release|x86
	EndGlobalSection
	GlobalSection(SolutionProperties) = preSolution
		HideSolutionNode = FALSE
	EndGlobalSection
	GlobalSection(TestCaseManagementSettings) = postSolution
		CategoryFile = PowerCalc.vsmdi
	EndGlobalSection
EndGlobal
